
Microsoft Visual Studio Solution File, Format Version 12.00
# Visual Studio Version 17
VisualStudioVersion = 17.2.32630.192
MinimumVisualStudioVersion = 10.0.40219.1
Project("{FAE04EC0-301F-11D3-BF4B-00C04F79EFBC}") = "P_GestMDP", "P_GestMDP.csproj", "{422B332C-54BD-4B37-92F8-0E14BFE0E189}"
EndProject
Global
	GlobalSection(SolutionConfigurationPlatforms) = preSolution
		Debug|Any CPU = Debug|Any CPU
		Release|Any CPU = Release|Any CPU
	EndGlobalSection
	GlobalSection(ProjectConfigurationPlatforms) = postSolution
		{422B332C-54BD-4B37-92F8-0E14BFE0E189}.Debug|Any CPU.ActiveCfg = Debug|Any CPU
		{422B332C-54BD-4B37-92F8-0E14BFE0E189}.Debug|Any CPU.Build.0 = Debug|Any CPU
		{422B332C-54BD-4B37-92F8-0E14BFE0E189}.Release|Any CPU.ActiveCfg = Release|Any CPU
		{422B332C-54BD-4B37-92F8-0E14BFE0E189}.Release|Any CPU.Build.0 = Release|Any CPU
	EndGlobalSection
	GlobalSection(SolutionProperties) = preSolution
		HideSolutionNode = FALSE
	EndGlobalSection
	GlobalSection(ExtensibilityGlobals) = postSolution
		SolutionGuid = {AEBF2E44-6DC7-48B5-9681-3A01268D3B93}
	EndGlobalSection
EndGlobal
